
Microsoft Visual Studio Solution File, Format Version 12.00
# Visual Studio 14
VisualStudioVersion = 14.0.25123.0
MinimumVisualStudioVersion = 10.0.40219.1
Project("{FAE04EC0-301F-11D3-BF4B-00C04F79EFBC}") = "SIMEPS", "SIMEPS\SIMEPS.csproj", "{47B456A0-C187-4E4D-9EAA-AEC1D05C7DD2}"
EndProject
Project("{FAE04EC0-301F-11D3-BF4B-00C04F79EFBC}") = "clienteSIID", "clienteSIID\clienteSIID.csproj", "{67A335A6-A471-4508-AFD8-18304655C870}"
EndProject
Global
	GlobalSection(SolutionConfigurationPlatforms) = preSolution
		Debug|Any CPU = Debug|Any CPU
		Release|Any CPU = Release|Any CPU
	EndGlobalSection
	GlobalSection(ProjectConfigurationPlatforms) = postSolution
		{47B456A0-C187-4E4D-9EAA-AEC1D05C7DD2}.Debug|Any CPU.ActiveCfg = Debug|Any CPU
		{47B456A0-C187-4E4D-9EAA-AEC1D05C7DD2}.Debug|Any CPU.Build.0 = Debug|Any CPU
		{47B456A0-C187-4E4D-9EAA-AEC1D05C7DD2}.Release|Any CPU.ActiveCfg = Release|Any CPU
		{47B456A0-C187-4E4D-9EAA-AEC1D05C7DD2}.Release|Any CPU.Build.0 = Release|Any CPU
		{67A335A6-A471-4508-AFD8-18304655C870}.Debug|Any CPU.ActiveCfg = Debug|Any CPU
		{67A335A6-A471-4508-AFD8-18304655C870}.Debug|Any CPU.Build.0 = Debug|Any CPU
		{67A335A6-A471-4508-AFD8-18304655C870}.Release|Any CPU.ActiveCfg = Release|Any CPU
		{67A335A6-A471-4508-AFD8-18304655C870}.Release|Any CPU.Build.0 = Release|Any CPU
	EndGlobalSection
	GlobalSection(SolutionProperties) = preSolution
		HideSolutionNode = FALSE
	EndGlobalSection
EndGlobal
